// !$*UTF8*$!
{
	archiveVersion = 1;
	classes = {};
	objectVersion = 60;
	objects = {

/* Begin PBXBuildFile section */
		A10000000000000000000001 /* WorkspaceOrchestratorApp.swift in Sources */ = {isa = PBXBuildFile; fileRef = A20000000000000000000001 /* WorkspaceOrchestratorApp.swift */; };
		A10000000000000000000002 /* AppModel.swift in Sources */ = {isa = PBXBuildFile; fileRef = A20000000000000000000002 /* AppModel.swift */; };
		A10000000000000000000003 /* MenuBarContentView.swift in Sources */ = {isa = PBXBuildFile; fileRef = A20000000000000000000003 /* MenuBarContentView.swift */; };
		A10000000000000000000004 /* DashboardView.swift in Sources */ = {isa = PBXBuildFile; fileRef = A20000000000000000000004 /* DashboardView.swift */; };
		A10000000000000000000005 /* RunDetailView.swift in Sources */ = {isa = PBXBuildFile; fileRef = A20000000000000000000005 /* RunDetailView.swift */; };
		A10000000000000000000006 /* SceneEditorView.swift in Sources */ = {isa = PBXBuildFile; fileRef = A20000000000000000000006 /* SceneEditorView.swift */; };
		A10000000000000000000007 /* SettingsView.swift in Sources */ = {isa = PBXBuildFile; fileRef = A20000000000000000000007 /* SettingsView.swift */; };
		A10000000000000000000008 /* SceneCore in Frameworks */ = {isa = PBXBuildFile; productRef = A90000000000000000000001 /* SceneCore */; };
		A10000000000000000000009 /* MacAutomation in Frameworks */ = {isa = PBXBuildFile; productRef = A90000000000000000000002 /* MacAutomation */; };
/* End PBXBuildFile section */

/* Begin PBXFileReference section */
		A20000000000000000000001 /* WorkspaceOrchestratorApp.swift */ = {isa = PBXFileReference; lastKnownFileType = sourcecode.swift; path = WorkspaceOrchestratorApp.swift; sourceTree = "<group>"; };
		A20000000000000000000002 /* AppModel.swift */ = {isa = PBXFileReference; lastKnownFileType = sourcecode.swift; path = AppModel.swift; sourceTree = "<group>"; };
		A20000000000000000000003 /* MenuBarContentView.swift */ = {isa = PBXFileReference; lastKnownFileType = sourcecode.swift; path = MenuBarContentView.swift; sourceTree = "<group>"; };
		A20000000000000000000004 /* DashboardView.swift */ = {isa = PBXFileReference; lastKnownFileType = sourcecode.swift; path = DashboardView.swift; sourceTree = "<group>"; };
		A20000000000000000000005 /* RunDetailView.swift */ = {isa = PBXFileReference; lastKnownFileType = sourcecode.swift; path = RunDetailView.swift; sourceTree = "<group>"; };
		A20000000000000000000006 /* SceneEditorView.swift */ = {isa = PBXFileReference; lastKnownFileType = sourcecode.swift; path = SceneEditorView.swift; sourceTree = "<group>"; };
		A20000000000000000000007 /* SettingsView.swift */ = {isa = PBXFileReference; lastKnownFileType = sourcecode.swift; path = SettingsView.swift; sourceTree = "<group>"; };
		A20000000000000000000008 /* Workspace Orchestrator.app */ = {isa = PBXFileReference; explicitFileType = wrapper.application; includeInIndex = 0; path = "Workspace Orchestrator.app"; sourceTree = BUILT_PRODUCTS_DIR; };
/* End PBXFileReference section */

/* Begin PBXFrameworksBuildPhase section */
		A30000000000000000000001 /* Frameworks */ = {
			isa = PBXFrameworksBuildPhase;
			buildActionMask = 2147483647;
			files = (
				A10000000000000000000008 /* SceneCore in Frameworks */,
				A10000000000000000000009 /* MacAutomation in Frameworks */,
			);
			runOnlyForDeploymentPostprocessing = 0;
		};
/* End PBXFrameworksBuildPhase section */

/* Begin PBXGroup section */
		A40000000000000000000001 = {
			isa = PBXGroup;
			children = (
				A40000000000000000000002 /* App */,
				A40000000000000000000003 /* Products */,
			);
			sourceTree = "<group>";
		};
		A40000000000000000000002 /* App */ = {
			isa = PBXGroup;
			children = (
				A20000000000000000000001 /* WorkspaceOrchestratorApp.swift */,
				A20000000000000000000002 /* AppModel.swift */,
				A20000000000000000000003 /* MenuBarContentView.swift */,
				A20000000000000000000004 /* DashboardView.swift */,
				A20000000000000000000005 /* RunDetailView.swift */,
				A20000000000000000000006 /* SceneEditorView.swift */,
				A20000000000000000000007 /* SettingsView.swift */,
			);
			path = App/WorkspaceOrchestratorApp;
			sourceTree = SOURCE_ROOT;
		};
		A40000000000000000000003 /* Products */ = {
			isa = PBXGroup;
			children = (A20000000000000000000008 /* Workspace Orchestrator.app */,);
			name = Products;
			sourceTree = "<group>";
		};
/* End PBXGroup section */

/* Begin PBXNativeTarget section */
		A50000000000000000000001 /* WorkspaceOrchestratorApp */ = {
			isa = PBXNativeTarget;
			buildConfigurationList = A80000000000000000000002 /* Build configuration list for PBXNativeTarget */;
			buildPhases = (
				A60000000000000000000001 /* Sources */,
				A30000000000000000000001 /* Frameworks */,
				A60000000000000000000002 /* Resources */,
			);
			buildRules = ();
			dependencies = ();
			name = WorkspaceOrchestratorApp;
			packageProductDependencies = (
				A90000000000000000000001 /* SceneCore */,
				A90000000000000000000002 /* MacAutomation */,
			);
			productName = "Workspace Orchestrator";
			productReference = A20000000000000000000008 /* Workspace Orchestrator.app */;
			productType = "com.apple.product-type.application";
		};
/* End PBXNativeTarget section */

/* Begin PBXProject section */
		A70000000000000000000001 /* Project object */ = {
			isa = PBXProject;
			attributes = {
				BuildIndependentTargetsInParallel = 1;
				LastSwiftUpdateCheck = 1540;
				LastUpgradeCheck = 1540;
				TargetAttributes = { A50000000000000000000001 = { CreatedOnToolsVersion = 15.4; }; };
			};
			buildConfigurationList = A80000000000000000000001 /* Build configuration list for PBXProject */;
			compatibilityVersion = "Xcode 15.0";
			developmentRegion = en;
			hasScannedForEncodings = 0;
			knownRegions = (en, Base);
			mainGroup = A40000000000000000000001;
			packageReferences = (A90000000000000000000003 /* XCLocalSwiftPackageReference "." */,);
			productRefGroup = A40000000000000000000003 /* Products */;
			projectDirPath = "";
			projectRoot = "";
			targets = (A50000000000000000000001 /* WorkspaceOrchestratorApp */,);
		};
/* End PBXProject section */

/* Begin PBXResourcesBuildPhase section */
		A60000000000000000000002 /* Resources */ = {isa = PBXResourcesBuildPhase; buildActionMask = 2147483647; files = (); runOnlyForDeploymentPostprocessing = 0; };
/* End PBXResourcesBuildPhase section */

/* Begin PBXSourcesBuildPhase section */
		A60000000000000000000001 /* Sources */ = {
			isa = PBXSourcesBuildPhase;
			buildActionMask = 2147483647;
			files = (
				A10000000000000000000001,
				A10000000000000000000002,
				A10000000000000000000003,
				A10000000000000000000004,
				A10000000000000000000005,
				A10000000000000000000006,
				A10000000000000000000007,
			);
			runOnlyForDeploymentPostprocessing = 0;
		};
/* End PBXSourcesBuildPhase section */

/* Begin XCBuildConfiguration section */
		B10000000000000000000001 /* Debug */ = {isa = XCBuildConfiguration; buildSettings = {ARCHS = arm64; CLANG_ENABLE_MODULES = YES; MACOSX_DEPLOYMENT_TARGET = 14.0; ONLY_ACTIVE_ARCH = YES; SDKROOT = macosx; SWIFT_VERSION = 5.0; }; name = Debug; };
		B10000000000000000000002 /* Release */ = {isa = XCBuildConfiguration; buildSettings = {CLANG_ENABLE_MODULES = YES; MACOSX_DEPLOYMENT_TARGET = 14.0; SDKROOT = macosx; SWIFT_COMPILATION_MODE = wholemodule; SWIFT_VERSION = 5.0; }; name = Release; };
		B10000000000000000000003 /* Debug */ = {
			isa = XCBuildConfiguration;
			buildSettings = {
				ARCHS = arm64;
				CODE_SIGN_STYLE = Automatic;
				CURRENT_PROJECT_VERSION = 1;
				ENABLE_HARDENED_RUNTIME = YES;
				GENERATE_INFOPLIST_FILE = YES;
				INFOPLIST_KEY_LSApplicationCategoryType = "public.app-category.productivity";
				INFOPLIST_KEY_LSUIElement = YES;
				MACOSX_DEPLOYMENT_TARGET = 14.0;
				MARKETING_VERSION = 0.1.0;
				PRODUCT_BUNDLE_IDENTIFIER = com.ahmadmemon.WorkspaceOrchestrator;
				PRODUCT_NAME = "Workspace Orchestrator";
				ONLY_ACTIVE_ARCH = YES;
				SWIFT_EMIT_LOC_STRINGS = YES;
				SWIFT_VERSION = 5.0;
			};
			name = Debug;
		};
		B10000000000000000000004 /* Release */ = {
			isa = XCBuildConfiguration;
			buildSettings = {
				CODE_SIGN_STYLE = Automatic;
				CURRENT_PROJECT_VERSION = 1;
				ENABLE_HARDENED_RUNTIME = YES;
				GENERATE_INFOPLIST_FILE = YES;
				INFOPLIST_KEY_LSApplicationCategoryType = "public.app-category.productivity";
				INFOPLIST_KEY_LSUIElement = YES;
				MACOSX_DEPLOYMENT_TARGET = 14.0;
				MARKETING_VERSION = 0.1.0;
				PRODUCT_BUNDLE_IDENTIFIER = com.ahmadmemon.WorkspaceOrchestrator;
				PRODUCT_NAME = "Workspace Orchestrator";
				SWIFT_EMIT_LOC_STRINGS = YES;
				SWIFT_VERSION = 5.0;
			};
			name = Release;
		};
/* End XCBuildConfiguration section */

/* Begin XCConfigurationList section */
		A80000000000000000000001 /* Build configuration list for PBXProject */ = {isa = XCConfigurationList; buildConfigurations = (B10000000000000000000001, B10000000000000000000002); defaultConfigurationIsVisible = 0; defaultConfigurationName = Release; };
		A80000000000000000000002 /* Build configuration list for PBXNativeTarget */ = {isa = XCConfigurationList; buildConfigurations = (B10000000000000000000003, B10000000000000000000004); defaultConfigurationIsVisible = 0; defaultConfigurationName = Release; };
/* End XCConfigurationList section */

/* Begin XCLocalSwiftPackageReference section */
		A90000000000000000000003 /* XCLocalSwiftPackageReference "." */ = {isa = XCLocalSwiftPackageReference; relativePath = .; };
/* End XCLocalSwiftPackageReference section */

/* Begin XCSwiftPackageProductDependency section */
		A90000000000000000000001 /* SceneCore */ = {isa = XCSwiftPackageProductDependency; package = A90000000000000000000003; productName = SceneCore; };
		A90000000000000000000002 /* MacAutomation */ = {isa = XCSwiftPackageProductDependency; package = A90000000000000000000003; productName = MacAutomation; };
/* End XCSwiftPackageProductDependency section */
	};
	rootObject = A70000000000000000000001 /* Project object */;
}
